
Microsoft Visual Studio Solution File, Format Version 12.00
# Visual Studio Version 16
VisualStudioVersion = 16.0.30907.101
MinimumVisualStudioVersion = 10.0.40219.1
Project("{FAE04EC0-301F-11D3-BF4B-00C04F79EFBC}") = "ClassMethodDemo", "ClassMethodDemo\ClassMethodDemo.csproj", "{ED395EBE-E04E-4A55-8C7D-F7FC1AF34E81}"
EndProject
Global
	GlobalSection(SolutionConfigurationPlatforms) = preSolution
		Debug|Any CPU = Debug|Any CPU
		Release|Any CPU = Release|Any CPU
	EndGlobalSection
	GlobalSection(ProjectConfigurationPlatforms) = postSolution
		{ED395EBE-E04E-4A55-8C7D-F7FC1AF34E81}.Debug|Any CPU.ActiveCfg = Debug|Any CPU
		{ED395EBE-E04E-4A55-8C7D-F7FC1AF34E81}.Debug|Any CPU.Build.0 = Debug|Any CPU
		{ED395EBE-E04E-4A55-8C7D-F7FC1AF34E81}.Release|Any CPU.ActiveCfg = Release|Any CPU
		{ED395EBE-E04E-4A55-8C7D-F7FC1AF34E81}.Release|Any CPU.Build.0 = Release|Any CPU
	EndGlobalSection
	GlobalSection(SolutionProperties) = preSolution
		HideSolutionNode = FALSE
	EndGlobalSection
	GlobalSection(ExtensibilityGlobals) = postSolution
		SolutionGuid = {10EFC08A-D12C-4CB0-9612-8DF21CDB65A3}
	EndGlobalSection
EndGlobal
